// !$*UTF8*$!
{
	archiveVersion = 1;
	classes = {
	};
	objectVersion = 50;
	objects = {

/* Begin PBXBuildFile section */
		FF05267921E58FA90079535A /* AppDelegate.swift in Sources */ = {isa = PBXBuildFile; fileRef = FF05267821E58FA90079535A /* AppDelegate.swift */; };
		FF05267B21E58FA90079535A /* ViewController.swift in Sources */ = {isa = PBXBuildFile; fileRef = FF05267A21E58FA90079535A /* ViewController.swift */; };
		FF05267E21E58FA90079535A /* Main.storyboard in Resources */ = {isa = PBXBuildFile; fileRef = FF05267C21E58FA90079535A /* Main.storyboard */; };
		FF05268121E58FA90079535A /* CrudCoreData.xcdatamodeld in Sources */ = {isa = PBXBuildFile; fileRef = FF05267F21E58FA90079535A /* CrudCoreData.xcdatamodeld */; };
		FF05268321E58FAB0079535A /* Assets.xcassets in Resources */ = {isa = PBXBuildFile; fileRef = FF05268221E58FAB0079535A /* Assets.xcassets */; };
		FF05268621E58FAB0079535A /* LaunchScreen.storyboard in Resources */ = {isa = PBXBuildFile; fileRef = FF05268421E58FAB0079535A /* LaunchScreen.storyboard */; };
/* End PBXBuildFile section */

/* Begin PBXFileReference section */
		FF05267521E58FA90079535A /* CrudCoreData.app */ = {isa = PBXFileReference; explicitFileType = wrapper.application; includeInIndex = 0; path = CrudCoreData.app; sourceTree = BUILT_PRODUCTS_DIR; };
		FF05267821E58FA90079535A /* AppDelegate.swift */ = {isa = PBXFileReference; lastKnownFileType = sourcecode.swift; path = AppDelegate.swift; sourceTree = "<group>"; };
		FF05267A21E58FA90079535A /* ViewController.swift */ = {isa = PBXFileReference; lastKnownFileType = sourcecode.swift; path = ViewController.swift; sourceTree = "<group>"; };
		FF05267D21E58FA90079535A /* Base */ = {isa = PBXFileReference; lastKnownFileType = file.storyboard; name = Base; path = Base.lproj/Main.storyboard; sourceTree = "<group>"; };
		FF05268021E58FA90079535A /* CrudCoreData.xcdatamodel */ = {isa = PBXFileReference; lastKnownFileType = wrapper.xcdatamodel; path = CrudCoreData.xcdatamodel; sourceTree = "<group>"; };
		FF05268221E58FAB0079535A /* Assets.xcassets */ = {isa = PBXFileReference; lastKnownFileType = folder.assetcatalog; path = Assets.xcassets; sourceTree = "<group>"; };
		FF05268521E58FAB0079535A /* Base */ = {isa = PBXFileReference; lastKnownFileType = file.storyboard; name = Base; path = Base.lproj/LaunchScreen.storyboard; sourceTree = "<group>"; };
		FF05268721E58FAB0079535A /* Info.plist */ = {isa = PBXFileReference; lastKnownFileType = text.plist.xml; path = Info.plist; sourceTree = "<group>"; };
/* End PBXFileReference section */

/* Begin PBXFrameworksBuildPhase section */
		FF05267221E58FA90079535A /* Frameworks */ = {
			isa = PBXFrameworksBuildPhase;
			buildActionMask = 2147483647;
			files = (
			);
			runOnlyForDeploymentPostprocessing = 0;
		};
/* End PBXFrameworksBuildPhase section */

/* Begin PBXGroup section */
		FF05266C21E58FA90079535A = {
			isa = PBXGroup;
			children = (
				FF05267721E58FA90079535A /* CrudCoreData */,
				FF05267621E58FA90079535A /* Products */,
			);
			sourceTree = "<group>";
		};
		FF05267621E58FA90079535A /* Products */ = {
			isa = PBXGroup;
			children = (
				FF05267521E58FA90079535A /* CrudCoreData.app */,
			);
			name = Products;
			sourceTree = "<group>";
		};
		FF05267721E58FA90079535A /* CrudCoreData */ = {
			isa = PBXGroup;
			children = (
				FF05267821E58FA90079535A /* AppDelegate.swift */,
				FF05267A21E58FA90079535A /* ViewController.swift */,
				FF05267C21E58FA90079535A /* Main.storyboard */,
				FF05268221E58FAB0079535A /* Assets.xcassets */,
				FF05268421E58FAB0079535A /* LaunchScreen.storyboard */,
				FF05268721E58FAB0079535A /* Info.plist */,
				FF05267F21E58FA90079535A /* CrudCoreData.xcdatamodeld */,
			);
			path = CrudCoreData;
			sourceTree = "<group>";
		};
/* End PBXGroup section */

/* Begin PBXNativeTarget section */
		FF05267421E58FA90079535A /* CrudCoreData */ = {
			isa = PBXNativeTarget;
			buildConfigurationList = FF05268A21E58FAB0079535A /* Build configuration list for PBXNativeTarget "CrudCoreData" */;
			buildPhases = (
				FF05267121E58FA90079535A /* Sources */,
				FF05267221E58FA90079535A /* Frameworks */,
				FF05267321E58FA90079535A /* Resources */,
			);
			buildRules = (
			);
			dependencies = (
			);
			name = CrudCoreData;
			productName = CrudCoreData;
			productReference = FF05267521E58FA90079535A /* CrudCoreData.app */;
			productType = "com.apple.product-type.application";
		};
/* End PBXNativeTarget section */

/* Begin PBXProject section */
		FF05266D21E58FA90079535A /* Project object */ = {
			isa = PBXProject;
			attributes = {
				LastSwiftUpdateCheck = 1010;
				LastUpgradeCheck = 1010;
				ORGANIZATIONNAME = "Gabriel Soto valenzuela";
				TargetAttributes = {
					FF05267421E58FA90079535A = {
						CreatedOnToolsVersion = 10.1;
					};
				};
			};
			buildConfigurationList = FF05267021E58FA90079535A /* Build configuration list for PBXProject "CrudCoreData" */;
			compatibilityVersion = "Xcode 9.3";
			developmentRegion = en;
			hasScannedForEncodings = 0;
			knownRegions = (
				en,
				Base,
			);
			mainGroup = FF05266C21E58FA90079535A;
			productRefGroup = FF05267621E58FA90079535A /* Products */;
			projectDirPath = "";
			projectRoot = "";
			targets = (
				FF05267421E58FA90079535A /* CrudCoreData */,
			);
		};
/* End PBXProject section */

/* Begin PBXResourcesBuildPhase section */
		FF05267321E58FA90079535A /* Resources */ = {
			isa = PBXResourcesBuildPhase;
			buildActionMask = 2147483647;
			files = (
				FF05268621E58FAB0079535A /* LaunchScreen.storyboard in Resources */,
				FF05268321E58FAB0079535A /* Assets.xcassets in Resources */,
				FF05267E21E58FA90079535A /* Main.storyboard in Resources */,
			);
			runOnlyForDeploymentPostprocessing = 0;
		};
/* End PBXResourcesBuildPhase section */

/* Begin PBXSourcesBuildPhase section */
		FF05267121E58FA90079535A /* Sources */ = {
			isa = PBXSourcesBuildPhase;
			buildActionMask = 2147483647;
			files = (
				FF05267B21E58FA90079535A /* ViewController.swift in Sources */,
				FF05267921E58FA90079535A /* AppDelegate.swift in Sources */,
				FF05268121E58FA90079535A /* CrudCoreData.xcdatamodeld in Sources */,
			);
			runOnlyForDeploymentPostprocessing = 0;
		};
/* End PBXSourcesBuildPhase section */

/* Begin PBXVariantGroup section */
		FF05267C21E58FA90079535A /* Main.storyboard */ = {
			isa = PBXVariantGroup;
			children = (
				FF05267D21E58FA90079535A /* Base */,
			);
			name = Main.storyboard;
			sourceTree = "<group>";
		};
		FF05268421E58FAB0079535A /* LaunchScreen.storyboard */ = {
			isa = PBXVariantGroup;
			children = (
				FF05268521E58FAB0079535A /* Base */,
			);
			name = LaunchScreen.storyboard;
			sourceTree = "<group>";
		};
/* End PBXVariantGroup section */

/* Begin XCBuildConfiguration section */
		FF05268821E58FAB0079535A /* Debug */ = {
			isa = XCBuildConfiguration;
			buildSettings = {
				ALWAYS_SEARCH_USER_PATHS = NO;
				CLANG_ANALYZER_NONNULL = YES;
				CLANG_ANALYZER_NUMBER_OBJECT_CONVERSION = YES_AGGRESSIVE;
				CLANG_CXX_LANGUAGE_STANDARD = "gnu++14";
				CLANG_CXX_LIBRARY = "libc++";
				CLANG_ENABLE_MODULES = YES;
				CLANG_ENABLE_OBJC_ARC = YES;
				CLANG_ENABLE_OBJC_WEAK = YES;
				CLANG_WARN_BLOCK_CAPTURE_AUTORELEASING = YES;
				CLANG_WARN_BOOL_CONVERSION = YES;
				CLANG_WARN_COMMA = YES;
				CLANG_WARN_CONSTANT_CONVERSION = YES;
				CLANG_WARN_DEPRECATED_OBJC_IMPLEMENTATIONS = YES;
				CLANG_WARN_DIRECT_OBJC_ISA_USAGE = YES_ERROR;
				CLANG_WARN_DOCUMENTATION_COMMENTS = YES;
				CLANG_WARN_EMPTY_BODY = YES;
				CLANG_WARN_ENUM_CONVERSION = YES;
				CLANG_WARN_INFINITE_RECURSION = YES;
				CLANG_WARN_INT_CONVERSION = YES;
				CLANG_WARN_NON_LITERAL_NULL_CONVERSION = YES;
				CLANG_WARN_OBJC_IMPLICIT_RETAIN_SELF = YES;
				CLANG_WARN_OBJC_LITERAL_CONVERSION = YES;
				CLANG_WARN_OBJC_ROOT_CLASS = YES_ERROR;
				CLANG_WARN_RANGE_LOOP_ANALYSIS = YES;
				CLANG_WARN_STRICT_PROTOTYPES = YES;
				CLANG_WARN_SUSPICIOUS_MOVE = YES;
				CLANG_WARN_UNGUARDED_AVAILABILITY = YES_AGGRESSIVE;
				CLANG_WARN_UNREACHABLE_CODE = YES;
				CLANG_WARN__DUPLICATE_METHOD_MATCH = YES;
				CODE_SIGN_IDENTITY = "iPhone Developer";
				COPY_PHASE_STRIP = NO;
				DEBUG_INFORMATION_FORMAT = dwarf;
				ENABLE_STRICT_OBJC_MSGSEND = YES;
				ENABLE_TESTABILITY = YES;
				GCC_C_LANGUAGE_STANDARD = gnu11;
				GCC_DYNAMIC_NO_PIC = NO;
				GCC_NO_COMMON_BLOCKS = YES;
				GCC_OPTIMIZATION_LEVEL = 0;
				GCC_PREPROCESSOR_DEFINITIONS = (
					"DEBUG=1",
					"$(inherited)",
				);
				GCC_WARN_64_TO_32_BIT_CONVERSION = YES;
				GCC_WARN_ABOUT_RETURN_TYPE = YES_ERROR;
				GCC_WARN_UNDECLARED_SELECTOR = YES;
				GCC_WARN_UNINITIALIZED_AUTOS = YES_AGGRESSIVE;
				GCC_WARN_UNUSED_FUNCTION = YES;
				GCC_WARN_UNUSED_VARIABLE = YES;
				IPHONEOS_DEPLOYMENT_TARGET = 12.1;
				MTL_ENABLE_DEBUG_INFO = INCLUDE_SOURCE;
				MTL_FAST_MATH = YES;
				ONLY_ACTIVE_ARCH = YES;
				SDKROOT = iphoneos;
				SWIFT_ACTIVE_COMPILATION_CONDITIONS = DEBUG;
				SWIFT_OPTIMIZATION_LEVEL = "-Onone";
			};
			name = Debug;
		};
		FF05268921E58FAB0079535A /* Release */ = {
			isa = XCBuildConfiguration;
			buildSettings = {
				ALWAYS_SEARCH_USER_PATHS = NO;
				CLANG_ANALYZER_NONNULL = YES;
				CLANG_ANALYZER_NUMBER_OBJECT_CONVERSION = YES_AGGRESSIVE;
				CLANG_CXX_LANGUAGE_STANDARD = "gnu++14";
				CLANG_CXX_LIBRARY = "libc++";
				CLANG_ENABLE_MODULES = YES;
				CLANG_ENABLE_OBJC_ARC = YES;
				CLANG_ENABLE_OBJC_WEAK = YES;
				CLANG_WARN_BLOCK_CAPTURE_AUTORELEASING = YES;
				CLANG_WARN_BOOL_CONVERSION = YES;
				CLANG_WARN_COMMA = YES;
				CLANG_WARN_CONSTANT_CONVERSION = YES;
				CLANG_WARN_DEPRECATED_OBJC_IMPLEMENTATIONS = YES;
				CLANG_WARN_DIRECT_OBJC_ISA_USAGE = YES_ERROR;
				CLANG_WARN_DOCUMENTATION_COMMENTS = YES;
				CLANG_WARN_EMPTY_BODY = YES;
				CLANG_WARN_ENUM_CONVERSION = YES;
				CLANG_WARN_INFINITE_RECURSION = YES;
				CLANG_WARN_INT_CONVERSION = YES;
				CLANG_WARN_NON_LITERAL_NULL_CONVERSION = YES;
				CLANG_WARN_OBJC_IMPLICIT_RETAIN_SELF = YES;
				CLANG_WARN_OBJC_LITERAL_CONVERSION = YES;
				CLANG_WARN_OBJC_ROOT_CLASS = YES_ERROR;
				CLANG_WARN_RANGE_LOOP_ANALYSIS = YES;
				CLANG_WARN_STRICT_PROTOTYPES = YES;
				CLANG_WARN_SUSPICIOUS_MOVE = YES;
				CLANG_WARN_UNGUARDED_AVAILABILITY = YES_AGGRESSIVE;
				CLANG_WARN_UNREACHABLE_CODE = YES;
				CLANG_WARN__DUPLICATE_METHOD_MATCH = YES;
				CODE_SIGN_IDENTITY = "iPhone Developer";
				COPY_PHASE_STRIP = NO;
				DEBUG_INFORMATION_FORMAT = "dwarf-with-dsym";
				ENABLE_NS_ASSERTIONS = NO;
				ENABLE_STRICT_OBJC_MSGSEND = YES;
				GCC_C_LANGUAGE_STANDARD = gnu11;
				GCC_NO_COMMON_BLOCKS = YES;
				GCC_WARN_64_TO_32_BIT_CONVERSION = YES;
				GCC_WARN_ABOUT_RETURN_TYPE = YES_ERROR;
				GCC_WARN_UNDECLARED_SELECTOR = YES;
				GCC_WARN_UNINITIALIZED_AUTOS = YES_AGGRESSIVE;
				GCC_WARN_UNUSED_FUNCTION = YES;
				GCC_WARN_UNUSED_VARIABLE = YES;
				IPHONEOS_DEPLOYMENT_TARGET = 12.1;
				MTL_ENABLE_DEBUG_INFO = NO;
				MTL_FAST_MATH = YES;
				SDKROOT = iphoneos;
				SWIFT_COMPILATION_MODE = wholemodule;
				SWIFT_OPTIMIZATION_LEVEL = "-O";
				VALIDATE_PRODUCT = YES;
			};
			name = Release;
		};
		FF05268B21E58FAB0079535A /* Debug */ = {
			isa = XCBuildConfiguration;
			buildSettings = {
				ASSETCATALOG_COMPILER_APPICON_NAME = AppIcon;
				CODE_SIGN_STYLE = Automatic;
				DEVELOPMENT_TEAM = DLC9263695;
				INFOPLIST_FILE = CrudCoreData/Info.plist;
				LD_RUNPATH_SEARCH_PATHS = (
					"$(inherited)",
					"@executable_path/Frameworks",
				);
				PRODUCT_BUNDLE_IDENTIFIER = com.gabriel.CrudCoreData;
				PRODUCT_NAME = "$(TARGET_NAME)";
				SWIFT_VERSION = 4.2;
				TARGETED_DEVICE_FAMILY = "1,2";
			};
			name = Debug;
		};
		FF05268C21E58FAB0079535A /* Release */ = {
			isa = XCBuildConfiguration;
			buildSettings = {
				ASSETCATALOG_COMPILER_APPICON_NAME = AppIcon;
				CODE_SIGN_STYLE = Automatic;
				DEVELOPMENT_TEAM = DLC9263695;
				INFOPLIST_FILE = CrudCoreData/Info.plist;
				LD_RUNPATH_SEARCH_PATHS = (
					"$(inherited)",
					"@executable_path/Frameworks",
				);
				PRODUCT_BUNDLE_IDENTIFIER = com.gabriel.CrudCoreData;
				PRODUCT_NAME = "$(TARGET_NAME)";
				SWIFT_VERSION = 4.2;
				TARGETED_DEVICE_FAMILY = "1,2";
			};
			name = Release;
		};
/* End XCBuildConfiguration section */

/* Begin XCConfigurationList section */
		FF05267021E58FA90079535A /* Build configuration list for PBXProject "CrudCoreData" */ = {
			isa = XCConfigurationList;
			buildConfigurations = (
				FF05268821E58FAB0079535A /* Debug */,
				FF05268921E58FAB0079535A /* Release */,
			);
			defaultConfigurationIsVisible = 0;
			defaultConfigurationName = Release;
		};
		FF05268A21E58FAB0079535A /* Build configuration list for PBXNativeTarget "CrudCoreData" */ = {
			isa = XCConfigurationList;
			buildConfigurations = (
				FF05268B21E58FAB0079535A /* Debug */,
				FF05268C21E58FAB0079535A /* Release */,
			);
			defaultConfigurationIsVisible = 0;
			defaultConfigurationName = Release;
		};
/* End XCConfigurationList section */

/* Begin XCVersionGroup section */
		FF05267F21E58FA90079535A /* CrudCoreData.xcdatamodeld */ = {
			isa = XCVersionGroup;
			children = (
				FF05268021E58FA90079535A /* CrudCoreData.xcdatamodel */,
			);
			currentVersion = FF05268021E58FA90079535A /* CrudCoreData.xcdatamodel */;
			path = CrudCoreData.xcdatamodeld;
			sourceTree = "<group>";
			versionGroupType = wrapper.xcdatamodel;
		};
/* End XCVersionGroup section */
	};
	rootObject = FF05266D21E58FA90079535A /* Project object */;
}
