// !$*UTF8*$!
{
	archiveVersion = 1;
	classes = {
	};
	objectVersion = 48;
	objects = {

/* Begin PBXBuildFile section */
		CF4640F01F4A1E5800D37BF4 /* TablaViewController.swift in Sources */ = {isa = PBXBuildFile; fileRef = CF4640EF1F4A1E5800D37BF4 /* TablaViewController.swift */; };
		CFA5D6C41F49060F0076D1D1 /* AppDelegate.swift in Sources */ = {isa = PBXBuildFile; fileRef = CFA5D6C31F49060F0076D1D1 /* AppDelegate.swift */; };
		CFA5D6C61F49060F0076D1D1 /* ViewController.swift in Sources */ = {isa = PBXBuildFile; fileRef = CFA5D6C51F49060F0076D1D1 /* ViewController.swift */; };
		CFA5D6C91F49060F0076D1D1 /* Main.storyboard in Resources */ = {isa = PBXBuildFile; fileRef = CFA5D6C71F49060F0076D1D1 /* Main.storyboard */; };
		CFA5D6CC1F49060F0076D1D1 /* CrudCoreData.xcdatamodeld in Sources */ = {isa = PBXBuildFile; fileRef = CFA5D6CA1F49060F0076D1D1 /* CrudCoreData.xcdatamodeld */; };
		CFA5D6CE1F49060F0076D1D1 /* Assets.xcassets in Resources */ = {isa = PBXBuildFile; fileRef = CFA5D6CD1F49060F0076D1D1 /* Assets.xcassets */; };
		CFA5D6D11F49060F0076D1D1 /* LaunchScreen.storyboard in Resources */ = {isa = PBXBuildFile; fileRef = CFA5D6CF1F49060F0076D1D1 /* LaunchScreen.storyboard */; };
		CFB741E91F4A48780035B557 /* EditarViewController.swift in Sources */ = {isa = PBXBuildFile; fileRef = CFB741E81F4A48780035B557 /* EditarViewController.swift */; };
/* End PBXBuildFile section */

/* Begin PBXFileReference section */
		CF4640EF1F4A1E5800D37BF4 /* TablaViewController.swift */ = {isa = PBXFileReference; lastKnownFileType = sourcecode.swift; path = TablaViewController.swift; sourceTree = "<group>"; };
		CFA5D6C01F49060F0076D1D1 /* CrudCoreData.app */ = {isa = PBXFileReference; explicitFileType = wrapper.application; includeInIndex = 0; path = CrudCoreData.app; sourceTree = BUILT_PRODUCTS_DIR; };
		CFA5D6C31F49060F0076D1D1 /* AppDelegate.swift */ = {isa = PBXFileReference; lastKnownFileType = sourcecode.swift; path = AppDelegate.swift; sourceTree = "<group>"; };
		CFA5D6C51F49060F0076D1D1 /* ViewController.swift */ = {isa = PBXFileReference; lastKnownFileType = sourcecode.swift; path = ViewController.swift; sourceTree = "<group>"; };
		CFA5D6C81F49060F0076D1D1 /* Base */ = {isa = PBXFileReference; lastKnownFileType = file.storyboard; name = Base; path = Base.lproj/Main.storyboard; sourceTree = "<group>"; };
		CFA5D6CB1F49060F0076D1D1 /* CrudCoreData.xcdatamodel */ = {isa = PBXFileReference; lastKnownFileType = wrapper.xcdatamodel; path = CrudCoreData.xcdatamodel; sourceTree = "<group>"; };
		CFA5D6CD1F49060F0076D1D1 /* Assets.xcassets */ = {isa = PBXFileReference; lastKnownFileType = folder.assetcatalog; path = Assets.xcassets; sourceTree = "<group>"; };
		CFA5D6D01F49060F0076D1D1 /* Base */ = {isa = PBXFileReference; lastKnownFileType = file.storyboard; name = Base; path = Base.lproj/LaunchScreen.storyboard; sourceTree = "<group>"; };
		CFA5D6D21F49060F0076D1D1 /* Info.plist */ = {isa = PBXFileReference; lastKnownFileType = text.plist.xml; path = Info.plist; sourceTree = "<group>"; };
		CFB741E81F4A48780035B557 /* EditarViewController.swift */ = {isa = PBXFileReference; lastKnownFileType = sourcecode.swift; path = EditarViewController.swift; sourceTree = "<group>"; };
/* End PBXFileReference section */

/* Begin PBXFrameworksBuildPhase section */
		CFA5D6BD1F49060F0076D1D1 /* Frameworks */ = {
			isa = PBXFrameworksBuildPhase;
			buildActionMask = 2147483647;
			files = (
			);
			runOnlyForDeploymentPostprocessing = 0;
		};
/* End PBXFrameworksBuildPhase section */

/* Begin PBXGroup section */
		CFA5D6B71F49060F0076D1D1 = {
			isa = PBXGroup;
			children = (
				CFA5D6C21F49060F0076D1D1 /* CrudCoreData */,
				CFA5D6C11F49060F0076D1D1 /* Products */,
			);
			sourceTree = "<group>";
		};
		CFA5D6C11F49060F0076D1D1 /* Products */ = {
			isa = PBXGroup;
			children = (
				CFA5D6C01F49060F0076D1D1 /* CrudCoreData.app */,
			);
			name = Products;
			sourceTree = "<group>";
		};
		CFA5D6C21F49060F0076D1D1 /* CrudCoreData */ = {
			isa = PBXGroup;
			children = (
				CFA5D6C31F49060F0076D1D1 /* AppDelegate.swift */,
				CFA5D6C51F49060F0076D1D1 /* ViewController.swift */,
				CF4640EF1F4A1E5800D37BF4 /* TablaViewController.swift */,
				CFB741E81F4A48780035B557 /* EditarViewController.swift */,
				CFA5D6C71F49060F0076D1D1 /* Main.storyboard */,
				CFA5D6CD1F49060F0076D1D1 /* Assets.xcassets */,
				CFA5D6CF1F49060F0076D1D1 /* LaunchScreen.storyboard */,
				CFA5D6D21F49060F0076D1D1 /* Info.plist */,
				CFA5D6CA1F49060F0076D1D1 /* CrudCoreData.xcdatamodeld */,
			);
			path = CrudCoreData;
			sourceTree = "<group>";
		};
/* End PBXGroup section */

/* Begin PBXNativeTarget section */
		CFA5D6BF1F49060F0076D1D1 /* CrudCoreData */ = {
			isa = PBXNativeTarget;
			buildConfigurationList = CFA5D6D51F49060F0076D1D1 /* Build configuration list for PBXNativeTarget "CrudCoreData" */;
			buildPhases = (
				CFA5D6BC1F49060F0076D1D1 /* Sources */,
				CFA5D6BD1F49060F0076D1D1 /* Frameworks */,
				CFA5D6BE1F49060F0076D1D1 /* Resources */,
			);
			buildRules = (
			);
			dependencies = (
			);
			name = CrudCoreData;
			productName = CrudCoreData;
			productReference = CFA5D6C01F49060F0076D1D1 /* CrudCoreData.app */;
			productType = "com.apple.product-type.application";
		};
/* End PBXNativeTarget section */

/* Begin PBXProject section */
		CFA5D6B81F49060F0076D1D1 /* Project object */ = {
			isa = PBXProject;
			attributes = {
				LastSwiftUpdateCheck = 0900;
				LastUpgradeCheck = 0900;
				ORGANIZATIONNAME = "Jorge Maldonado Borbón";
				TargetAttributes = {
					CFA5D6BF1F49060F0076D1D1 = {
						CreatedOnToolsVersion = 9.0;
					};
				};
			};
			buildConfigurationList = CFA5D6BB1F49060F0076D1D1 /* Build configuration list for PBXProject "CrudCoreData" */;
			compatibilityVersion = "Xcode 8.0";
			developmentRegion = en;
			hasScannedForEncodings = 0;
			knownRegions = (
				en,
				Base,
			);
			mainGroup = CFA5D6B71F49060F0076D1D1;
			productRefGroup = CFA5D6C11F49060F0076D1D1 /* Products */;
			projectDirPath = "";
			projectRoot = "";
			targets = (
				CFA5D6BF1F49060F0076D1D1 /* CrudCoreData */,
			);
		};
/* End PBXProject section */

/* Begin PBXResourcesBuildPhase section */
		CFA5D6BE1F49060F0076D1D1 /* Resources */ = {
			isa = PBXResourcesBuildPhase;
			buildActionMask = 2147483647;
			files = (
				CFA5D6D11F49060F0076D1D1 /* LaunchScreen.storyboard in Resources */,
				CFA5D6CE1F49060F0076D1D1 /* Assets.xcassets in Resources */,
				CFA5D6C91F49060F0076D1D1 /* Main.storyboard in Resources */,
			);
			runOnlyForDeploymentPostprocessing = 0;
		};
/* End PBXResourcesBuildPhase section */

/* Begin PBXSourcesBuildPhase section */
		CFA5D6BC1F49060F0076D1D1 /* Sources */ = {
			isa = PBXSourcesBuildPhase;
			buildActionMask = 2147483647;
			files = (
				CFB741E91F4A48780035B557 /* EditarViewController.swift in Sources */,
				CFA5D6C61F49060F0076D1D1 /* ViewController.swift in Sources */,
				CFA5D6C41F49060F0076D1D1 /* AppDelegate.swift in Sources */,
				CFA5D6CC1F49060F0076D1D1 /* CrudCoreData.xcdatamodeld in Sources */,
				CF4640F01F4A1E5800D37BF4 /* TablaViewController.swift in Sources */,
			);
			runOnlyForDeploymentPostprocessing = 0;
		};
/* End PBXSourcesBuildPhase section */

/* Begin PBXVariantGroup section */
		CFA5D6C71F49060F0076D1D1 /* Main.storyboard */ = {
			isa = PBXVariantGroup;
			children = (
				CFA5D6C81F49060F0076D1D1 /* Base */,
			);
			name = Main.storyboard;
			sourceTree = "<group>";
		};
		CFA5D6CF1F49060F0076D1D1 /* LaunchScreen.storyboard */ = {
			isa = PBXVariantGroup;
			children = (
				CFA5D6D01F49060F0076D1D1 /* Base */,
			);
			name = LaunchScreen.storyboard;
			sourceTree = "<group>";
		};
/* End PBXVariantGroup section */

/* Begin XCBuildConfiguration section */
		CFA5D6D31F49060F0076D1D1 /* Debug */ = {
			isa = XCBuildConfiguration;
			buildSettings = {
				ALWAYS_SEARCH_USER_PATHS = NO;
				CLANG_ANALYZER_NONNULL = YES;
				CLANG_ANALYZER_NUMBER_OBJECT_CONVERSION = YES_AGGRESSIVE;
				CLANG_CXX_LANGUAGE_STANDARD = "gnu++14";
				CLANG_CXX_LIBRARY = "libc++";
				CLANG_ENABLE_MODULES = YES;
				CLANG_ENABLE_OBJC_ARC = YES;
				CLANG_WARN_BLOCK_CAPTURE_AUTORELEASING = YES;
				CLANG_WARN_BOOL_CONVERSION = YES;
				CLANG_WARN_COMMA = YES;
				CLANG_WARN_CONSTANT_CONVERSION = YES;
				CLANG_WARN_DIRECT_OBJC_ISA_USAGE = YES_ERROR;
				CLANG_WARN_DOCUMENTATION_COMMENTS = YES;
				CLANG_WARN_EMPTY_BODY = YES;
				CLANG_WARN_ENUM_CONVERSION = YES;
				CLANG_WARN_INFINITE_RECURSION = YES;
				CLANG_WARN_INT_CONVERSION = YES;
				CLANG_WARN_NON_LITERAL_NULL_CONVERSION = YES;
				CLANG_WARN_OBJC_LITERAL_CONVERSION = YES;
				CLANG_WARN_OBJC_ROOT_CLASS = YES_ERROR;
				CLANG_WARN_RANGE_LOOP_ANALYSIS = YES;
				CLANG_WARN_STRICT_PROTOTYPES = YES;
				CLANG_WARN_SUSPICIOUS_MOVE = YES;
				CLANG_WARN_UNGUARDED_AVAILABILITY = YES_AGGRESSIVE;
				CLANG_WARN_UNREACHABLE_CODE = YES;
				CLANG_WARN__DUPLICATE_METHOD_MATCH = YES;
				CODE_SIGN_IDENTITY = "iPhone Developer";
				COPY_PHASE_STRIP = NO;
				DEBUG_INFORMATION_FORMAT = dwarf;
				ENABLE_STRICT_OBJC_MSGSEND = YES;
				ENABLE_TESTABILITY = YES;
				GCC_C_LANGUAGE_STANDARD = gnu11;
				GCC_DYNAMIC_NO_PIC = NO;
				GCC_NO_COMMON_BLOCKS = YES;
				GCC_OPTIMIZATION_LEVEL = 0;
				GCC_PREPROCESSOR_DEFINITIONS = (
					"DEBUG=1",
					"$(inherited)",
				);
				GCC_WARN_64_TO_32_BIT_CONVERSION = YES;
				GCC_WARN_ABOUT_RETURN_TYPE = YES_ERROR;
				GCC_WARN_UNDECLARED_SELECTOR = YES;
				GCC_WARN_UNINITIALIZED_AUTOS = YES_AGGRESSIVE;
				GCC_WARN_UNUSED_FUNCTION = YES;
				GCC_WARN_UNUSED_VARIABLE = YES;
				IPHONEOS_DEPLOYMENT_TARGET = 11.0;
				MTL_ENABLE_DEBUG_INFO = YES;
				ONLY_ACTIVE_ARCH = YES;
				SDKROOT = iphoneos;
				SWIFT_ACTIVE_COMPILATION_CONDITIONS = DEBUG;
				SWIFT_OPTIMIZATION_LEVEL = "-Onone";
			};
			name = Debug;
		};
		CFA5D6D41F49060F0076D1D1 /* Release */ = {
			isa = XCBuildConfiguration;
			buildSettings = {
				ALWAYS_SEARCH_USER_PATHS = NO;
				CLANG_ANALYZER_NONNULL = YES;
				CLANG_ANALYZER_NUMBER_OBJECT_CONVERSION = YES_AGGRESSIVE;
				CLANG_CXX_LANGUAGE_STANDARD = "gnu++14";
				CLANG_CXX_LIBRARY = "libc++";
				CLANG_ENABLE_MODULES = YES;
				CLANG_ENABLE_OBJC_ARC = YES;
				CLANG_WARN_BLOCK_CAPTURE_AUTORELEASING = YES;
				CLANG_WARN_BOOL_CONVERSION = YES;
				CLANG_WARN_COMMA = YES;
				CLANG_WARN_CONSTANT_CONVERSION = YES;
				CLANG_WARN_DIRECT_OBJC_ISA_USAGE = YES_ERROR;
				CLANG_WARN_DOCUMENTATION_COMMENTS = YES;
				CLANG_WARN_EMPTY_BODY = YES;
				CLANG_WARN_ENUM_CONVERSION = YES;
				CLANG_WARN_INFINITE_RECURSION = YES;
				CLANG_WARN_INT_CONVERSION = YES;
				CLANG_WARN_NON_LITERAL_NULL_CONVERSION = YES;
				CLANG_WARN_OBJC_LITERAL_CONVERSION = YES;
				CLANG_WARN_OBJC_ROOT_CLASS = YES_ERROR;
				CLANG_WARN_RANGE_LOOP_ANALYSIS = YES;
				CLANG_WARN_STRICT_PROTOTYPES = YES;
				CLANG_WARN_SUSPICIOUS_MOVE = YES;
				CLANG_WARN_UNGUARDED_AVAILABILITY = YES_AGGRESSIVE;
				CLANG_WARN_UNREACHABLE_CODE = YES;
				CLANG_WARN__DUPLICATE_METHOD_MATCH = YES;
				CODE_SIGN_IDENTITY = "iPhone Developer";
				COPY_PHASE_STRIP = NO;
				DEBUG_INFORMATION_FORMAT = "dwarf-with-dsym";
				ENABLE_NS_ASSERTIONS = NO;
				ENABLE_STRICT_OBJC_MSGSEND = YES;
				GCC_C_LANGUAGE_STANDARD = gnu11;
				GCC_NO_COMMON_BLOCKS = YES;
				GCC_WARN_64_TO_32_BIT_CONVERSION = YES;
				GCC_WARN_ABOUT_RETURN_TYPE = YES_ERROR;
				GCC_WARN_UNDECLARED_SELECTOR = YES;
				GCC_WARN_UNINITIALIZED_AUTOS = YES_AGGRESSIVE;
				GCC_WARN_UNUSED_FUNCTION = YES;
				GCC_WARN_UNUSED_VARIABLE = YES;
				IPHONEOS_DEPLOYMENT_TARGET = 11.0;
				MTL_ENABLE_DEBUG_INFO = NO;
				SDKROOT = iphoneos;
				SWIFT_OPTIMIZATION_LEVEL = "-Owholemodule";
				VALIDATE_PRODUCT = YES;
			};
			name = Release;
		};
		CFA5D6D61F49060F0076D1D1 /* Debug */ = {
			isa = XCBuildConfiguration;
			buildSettings = {
				ASSETCATALOG_COMPILER_APPICON_NAME = AppIcon;
				DEVELOPMENT_TEAM = DLC9263695;
				INFOPLIST_FILE = CrudCoreData/Info.plist;
				LD_RUNPATH_SEARCH_PATHS = "$(inherited) @executable_path/Frameworks";
				PRODUCT_BUNDLE_IDENTIFIER = com.gabrielCrudCoreData;
				PRODUCT_NAME = "$(TARGET_NAME)";
				SWIFT_VERSION = 4.0;
				TARGETED_DEVICE_FAMILY = "1,2";
			};
			name = Debug;
		};
		CFA5D6D71F49060F0076D1D1 /* Release */ = {
			isa = XCBuildConfiguration;
			buildSettings = {
				ASSETCATALOG_COMPILER_APPICON_NAME = AppIcon;
				DEVELOPMENT_TEAM = DLC9263695;
				INFOPLIST_FILE = CrudCoreData/Info.plist;
				LD_RUNPATH_SEARCH_PATHS = "$(inherited) @executable_path/Frameworks";
				PRODUCT_BUNDLE_IDENTIFIER = com.gabrielCrudCoreData;
				PRODUCT_NAME = "$(TARGET_NAME)";
				SWIFT_VERSION = 4.0;
				TARGETED_DEVICE_FAMILY = "1,2";
			};
			name = Release;
		};
/* End XCBuildConfiguration section */

/* Begin XCConfigurationList section */
		CFA5D6BB1F49060F0076D1D1 /* Build configuration list for PBXProject "CrudCoreData" */ = {
			isa = XCConfigurationList;
			buildConfigurations = (
				CFA5D6D31F49060F0076D1D1 /* Debug */,
				CFA5D6D41F49060F0076D1D1 /* Release */,
			);
			defaultConfigurationIsVisible = 0;
			defaultConfigurationName = Release;
		};
		CFA5D6D51F49060F0076D1D1 /* Build configuration list for PBXNativeTarget "CrudCoreData" */ = {
			isa = XCConfigurationList;
			buildConfigurations = (
				CFA5D6D61F49060F0076D1D1 /* Debug */,
				CFA5D6D71F49060F0076D1D1 /* Release */,
			);
			defaultConfigurationIsVisible = 0;
			defaultConfigurationName = Release;
		};
/* End XCConfigurationList section */

/* Begin XCVersionGroup section */
		CFA5D6CA1F49060F0076D1D1 /* CrudCoreData.xcdatamodeld */ = {
			isa = XCVersionGroup;
			children = (
				CFA5D6CB1F49060F0076D1D1 /* CrudCoreData.xcdatamodel */,
			);
			currentVersion = CFA5D6CB1F49060F0076D1D1 /* CrudCoreData.xcdatamodel */;
			path = CrudCoreData.xcdatamodeld;
			sourceTree = "<group>";
			versionGroupType = wrapper.xcdatamodel;
		};
/* End XCVersionGroup section */
	};
	rootObject = CFA5D6B81F49060F0076D1D1 /* Project object */;
}
